
Microsoft Visual Studio Solution File, Format Version 12.00
# Visual Studio Version 16
VisualStudioVersion = 25.0.1706.1
MinimumVisualStudioVersion = 10.0.40219.1
Project("{FAE04EC0-301F-11D3-BF4B-00C04F79EFBC}") = "BookBaseBuilder", "BookBaseBuilder\BookBaseBuilder.csproj", "{57EEA8C8-5EEA-4799-9FBB-ECB4D591AB0A}"
EndProject
Global
	GlobalSection(SolutionConfigurationPlatforms) = preSolution
		Debug|Any CPU = Debug|Any CPU
		Release|Any CPU = Release|Any CPU
	EndGlobalSection
	GlobalSection(ProjectConfigurationPlatforms) = postSolution
		{57EEA8C8-5EEA-4799-9FBB-ECB4D591AB0A}.Debug|Any CPU.ActiveCfg = Debug|Any CPU
		{57EEA8C8-5EEA-4799-9FBB-ECB4D591AB0A}.Debug|Any CPU.Build.0 = Debug|Any CPU
		{57EEA8C8-5EEA-4799-9FBB-ECB4D591AB0A}.Release|Any CPU.ActiveCfg = Release|Any CPU
		{57EEA8C8-5EEA-4799-9FBB-ECB4D591AB0A}.Release|Any CPU.Build.0 = Release|Any CPU
	EndGlobalSection
	GlobalSection(SolutionProperties) = preSolution
		HideSolutionNode = FALSE
	EndGlobalSection
	GlobalSection(ExtensibilityGlobals) = postSolution
		SolutionGuid = {39C08DDB-306C-485A-97AE-CCF7F9D8D717}
	EndGlobalSection
EndGlobal
